
Microsoft Visual Studio Solution File, Format Version 12.00
# Visual Studio 15
VisualStudioVersion = 15.0.28010.2003
MinimumVisualStudioVersion = 10.0.40219.1
Project("{FAE04EC0-301F-11D3-BF4B-00C04F79EFBC}") = "ProjectRest", "ProjectRest\ProjectRest.csproj", "{77EB9458-6467-4C6D-9112-8113BC8F0506}"
EndProject
Global
	GlobalSection(SolutionConfigurationPlatforms) = preSolution
		Debug|Any CPU = Debug|Any CPU
		Release|Any CPU = Release|Any CPU
	EndGlobalSection
	GlobalSection(ProjectConfigurationPlatforms) = postSolution
		{77EB9458-6467-4C6D-9112-8113BC8F0506}.Debug|Any CPU.ActiveCfg = Debug|Any CPU
		{77EB9458-6467-4C6D-9112-8113BC8F0506}.Debug|Any CPU.Build.0 = Debug|Any CPU
		{77EB9458-6467-4C6D-9112-8113BC8F0506}.Release|Any CPU.ActiveCfg = Release|Any CPU
		{77EB9458-6467-4C6D-9112-8113BC8F0506}.Release|Any CPU.Build.0 = Release|Any CPU
	EndGlobalSection
	GlobalSection(SolutionProperties) = preSolution
		HideSolutionNode = FALSE
	EndGlobalSection
	GlobalSection(ExtensibilityGlobals) = postSolution
		SolutionGuid = {58869856-AC6E-4AC2-B4F0-A5F4BC804B42}
	EndGlobalSection
EndGlobal
